// !$*UTF8*$!
{
	archiveVersion = 1;
	classes = {
	};
	objectVersion = 50;
	objects = {

/* Begin PBXBuildFile section */
		662718BF222CF874009CF7E3 /* AddEditTableViewController.swift in Sources */ = {isa = PBXBuildFile; fileRef = 662718BE222CF874009CF7E3 /* AddEditTableViewController.swift */; };
		662718C3222D1E3F009CF7E3 /* Extension+UIToolBar.swift in Sources */ = {isa = PBXBuildFile; fileRef = 662718C2222D1E3F009CF7E3 /* Extension+UIToolBar.swift */; };
		66C5F1D82226EB76004F1810 /* AppDelegate.swift in Sources */ = {isa = PBXBuildFile; fileRef = 66C5F1D72226EB76004F1810 /* AppDelegate.swift */; };
		66C5F1DD2226EB76004F1810 /* Main.storyboard in Resources */ = {isa = PBXBuildFile; fileRef = 66C5F1DB2226EB76004F1810 /* Main.storyboard */; };
		66C5F1DF2226EB7A004F1810 /* Assets.xcassets in Resources */ = {isa = PBXBuildFile; fileRef = 66C5F1DE2226EB7A004F1810 /* Assets.xcassets */; };
		66C5F1E22226EB7A004F1810 /* LaunchScreen.storyboard in Resources */ = {isa = PBXBuildFile; fileRef = 66C5F1E02226EB7A004F1810 /* LaunchScreen.storyboard */; };
		66C5F1EA2226ED29004F1810 /* CarManager.swift in Sources */ = {isa = PBXBuildFile; fileRef = 66C5F1E92226ED29004F1810 /* CarManager.swift */; };
		66C5F1EC22299FF8004F1810 /* Enums.swift in Sources */ = {isa = PBXBuildFile; fileRef = 66C5F1EB22299FF8004F1810 /* Enums.swift */; };
		66C5F1EE2229A04E004F1810 /* Car.swift in Sources */ = {isa = PBXBuildFile; fileRef = 66C5F1ED2229A04E004F1810 /* Car.swift */; };
		66C5F1F02229A300004F1810 /* CarTableViewCell.swift in Sources */ = {isa = PBXBuildFile; fileRef = 66C5F1EF2229A300004F1810 /* CarTableViewCell.swift */; };
		66C5F1F4222A8DDA004F1810 /* CarTableViewController.swift in Sources */ = {isa = PBXBuildFile; fileRef = 66C5F1F3222A8DD9004F1810 /* CarTableViewController.swift */; };
/* End PBXBuildFile section */

/* Begin PBXFileReference section */
		662718BE222CF874009CF7E3 /* AddEditTableViewController.swift */ = {isa = PBXFileReference; lastKnownFileType = sourcecode.swift; path = AddEditTableViewController.swift; sourceTree = "<group>"; };
		662718C2222D1E3F009CF7E3 /* Extension+UIToolBar.swift */ = {isa = PBXFileReference; lastKnownFileType = sourcecode.swift; path = "Extension+UIToolBar.swift"; sourceTree = "<group>"; };
		66C5F1D42226EB76004F1810 /* AutoCatalog.app */ = {isa = PBXFileReference; explicitFileType = wrapper.application; includeInIndex = 0; path = AutoCatalog.app; sourceTree = BUILT_PRODUCTS_DIR; };
		66C5F1D72226EB76004F1810 /* AppDelegate.swift */ = {isa = PBXFileReference; lastKnownFileType = sourcecode.swift; path = AppDelegate.swift; sourceTree = "<group>"; };
		66C5F1DC2226EB76004F1810 /* Base */ = {isa = PBXFileReference; lastKnownFileType = file.storyboard; name = Base; path = Base.lproj/Main.storyboard; sourceTree = "<group>"; };
		66C5F1DE2226EB7A004F1810 /* Assets.xcassets */ = {isa = PBXFileReference; lastKnownFileType = folder.assetcatalog; path = Assets.xcassets; sourceTree = "<group>"; };
		66C5F1E12226EB7A004F1810 /* Base */ = {isa = PBXFileReference; lastKnownFileType = file.storyboard; name = Base; path = Base.lproj/LaunchScreen.storyboard; sourceTree = "<group>"; };
		66C5F1E32226EB7A004F1810 /* Info.plist */ = {isa = PBXFileReference; lastKnownFileType = text.plist.xml; path = Info.plist; sourceTree = "<group>"; };
		66C5F1E92226ED29004F1810 /* CarManager.swift */ = {isa = PBXFileReference; lastKnownFileType = sourcecode.swift; path = CarManager.swift; sourceTree = "<group>"; };
		66C5F1EB22299FF8004F1810 /* Enums.swift */ = {isa = PBXFileReference; lastKnownFileType = sourcecode.swift; path = Enums.swift; sourceTree = "<group>"; };
		66C5F1ED2229A04E004F1810 /* Car.swift */ = {isa = PBXFileReference; lastKnownFileType = sourcecode.swift; path = Car.swift; sourceTree = "<group>"; };
		66C5F1EF2229A300004F1810 /* CarTableViewCell.swift */ = {isa = PBXFileReference; lastKnownFileType = sourcecode.swift; path = CarTableViewCell.swift; sourceTree = "<group>"; };
		66C5F1F3222A8DD9004F1810 /* CarTableViewController.swift */ = {isa = PBXFileReference; lastKnownFileType = sourcecode.swift; path = CarTableViewController.swift; sourceTree = "<group>"; };
/* End PBXFileReference section */

/* Begin PBXFrameworksBuildPhase section */
		66C5F1D12226EB75004F1810 /* Frameworks */ = {
			isa = PBXFrameworksBuildPhase;
			buildActionMask = 2147483647;
			files = (
			);
			runOnlyForDeploymentPostprocessing = 0;
		};
/* End PBXFrameworksBuildPhase section */

/* Begin PBXGroup section */
		66C5F1CB2226EB75004F1810 = {
			isa = PBXGroup;
			children = (
				66C5F1D62226EB76004F1810 /* AutoCatalog */,
				66C5F1D52226EB76004F1810 /* Products */,
			);
			sourceTree = "<group>";
		};
		66C5F1D52226EB76004F1810 /* Products */ = {
			isa = PBXGroup;
			children = (
				66C5F1D42226EB76004F1810 /* AutoCatalog.app */,
			);
			name = Products;
			sourceTree = "<group>";
		};
		66C5F1D62226EB76004F1810 /* AutoCatalog */ = {
			isa = PBXGroup;
			children = (
				66C5F1D72226EB76004F1810 /* AppDelegate.swift */,
				66C5F1DB2226EB76004F1810 /* Main.storyboard */,
				66C5F1EF2229A300004F1810 /* CarTableViewCell.swift */,
				66C5F1F3222A8DD9004F1810 /* CarTableViewController.swift */,
				662718BE222CF874009CF7E3 /* AddEditTableViewController.swift */,
				662718C2222D1E3F009CF7E3 /* Extension+UIToolBar.swift */,
				66C5F1E92226ED29004F1810 /* CarManager.swift */,
				66C5F1ED2229A04E004F1810 /* Car.swift */,
				66C5F1EB22299FF8004F1810 /* Enums.swift */,
				66C5F1DE2226EB7A004F1810 /* Assets.xcassets */,
				66C5F1E02226EB7A004F1810 /* LaunchScreen.storyboard */,
				66C5F1E32226EB7A004F1810 /* Info.plist */,
			);
			path = AutoCatalog;
			sourceTree = "<group>";
		};
/* End PBXGroup section */

/* Begin PBXNativeTarget section */
		66C5F1D32226EB75004F1810 /* AutoCatalog */ = {
			isa = PBXNativeTarget;
			buildConfigurationList = 66C5F1E62226EB7A004F1810 /* Build configuration list for PBXNativeTarget "AutoCatalog" */;
			buildPhases = (
				66C5F1D02226EB75004F1810 /* Sources */,
				66C5F1D12226EB75004F1810 /* Frameworks */,
				66C5F1D22226EB75004F1810 /* Resources */,
			);
			buildRules = (
			);
			dependencies = (
			);
			name = AutoCatalog;
			productName = AutoCatalog;
			productReference = 66C5F1D42226EB76004F1810 /* AutoCatalog.app */;
			productType = "com.apple.product-type.application";
		};
/* End PBXNativeTarget section */

/* Begin PBXProject section */
		66C5F1CC2226EB75004F1810 /* Project object */ = {
			isa = PBXProject;
			attributes = {
				LastSwiftUpdateCheck = 1010;
				LastUpgradeCheck = 1010;
				ORGANIZATIONNAME = "Georgy Dyagilev";
				TargetAttributes = {
					66C5F1D32226EB75004F1810 = {
						CreatedOnToolsVersion = 10.1;
					};
				};
			};
			buildConfigurationList = 66C5F1CF2226EB75004F1810 /* Build configuration list for PBXProject "AutoCatalog" */;
			compatibilityVersion = "Xcode 9.3";
			developmentRegion = en;
			hasScannedForEncodings = 0;
			knownRegions = (
				en,
				Base,
			);
			mainGroup = 66C5F1CB2226EB75004F1810;
			productRefGroup = 66C5F1D52226EB76004F1810 /* Products */;
			projectDirPath = "";
			projectRoot = "";
			targets = (
				66C5F1D32226EB75004F1810 /* AutoCatalog */,
			);
		};
/* End PBXProject section */

/* Begin PBXResourcesBuildPhase section */
		66C5F1D22226EB75004F1810 /* Resources */ = {
			isa = PBXResourcesBuildPhase;
			buildActionMask = 2147483647;
			files = (
				66C5F1E22226EB7A004F1810 /* LaunchScreen.storyboard in Resources */,
				66C5F1DF2226EB7A004F1810 /* Assets.xcassets in Resources */,
				66C5F1DD2226EB76004F1810 /* Main.storyboard in Resources */,
			);
			runOnlyForDeploymentPostprocessing = 0;
		};
/* End PBXResourcesBuildPhase section */

/* Begin PBXSourcesBuildPhase section */
		66C5F1D02226EB75004F1810 /* Sources */ = {
			isa = PBXSourcesBuildPhase;
			buildActionMask = 2147483647;
			files = (
				66C5F1EA2226ED29004F1810 /* CarManager.swift in Sources */,
				66C5F1EC22299FF8004F1810 /* Enums.swift in Sources */,
				66C5F1EE2229A04E004F1810 /* Car.swift in Sources */,
				66C5F1D82226EB76004F1810 /* AppDelegate.swift in Sources */,
				66C5F1F4222A8DDA004F1810 /* CarTableViewController.swift in Sources */,
				662718C3222D1E3F009CF7E3 /* Extension+UIToolBar.swift in Sources */,
				662718BF222CF874009CF7E3 /* AddEditTableViewController.swift in Sources */,
				66C5F1F02229A300004F1810 /* CarTableViewCell.swift in Sources */,
			);
			runOnlyForDeploymentPostprocessing = 0;
		};
/* End PBXSourcesBuildPhase section */

/* Begin PBXVariantGroup section */
		66C5F1DB2226EB76004F1810 /* Main.storyboard */ = {
			isa = PBXVariantGroup;
			children = (
				66C5F1DC2226EB76004F1810 /* Base */,
			);
			name = Main.storyboard;
			sourceTree = "<group>";
		};
		66C5F1E02226EB7A004F1810 /* LaunchScreen.storyboard */ = {
			isa = PBXVariantGroup;
			children = (
				66C5F1E12226EB7A004F1810 /* Base */,
			);
			name = LaunchScreen.storyboard;
			sourceTree = "<group>";
		};
/* End PBXVariantGroup section */

/* Begin XCBuildConfiguration section */
		66C5F1E42226EB7A004F1810 /* Debug */ = {
			isa = XCBuildConfiguration;
			buildSettings = {
				ALWAYS_SEARCH_USER_PATHS = NO;
				CLANG_ANALYZER_NONNULL = YES;
				CLANG_ANALYZER_NUMBER_OBJECT_CONVERSION = YES_AGGRESSIVE;
				CLANG_CXX_LANGUAGE_STANDARD = "gnu++14";
				CLANG_CXX_LIBRARY = "libc++";
				CLANG_ENABLE_MODULES = YES;
				CLANG_ENABLE_OBJC_ARC = YES;
				CLANG_ENABLE_OBJC_WEAK = YES;
				CLANG_WARN_BLOCK_CAPTURE_AUTORELEASING = YES;
				CLANG_WARN_BOOL_CONVERSION = YES;
				CLANG_WARN_COMMA = YES;
				CLANG_WARN_CONSTANT_CONVERSION = YES;
				CLANG_WARN_DEPRECATED_OBJC_IMPLEMENTATIONS = YES;
				CLANG_WARN_DIRECT_OBJC_ISA_USAGE = YES_ERROR;
				CLANG_WARN_DOCUMENTATION_COMMENTS = YES;
				CLANG_WARN_EMPTY_BODY = YES;
				CLANG_WARN_ENUM_CONVERSION = YES;
				CLANG_WARN_INFINITE_RECURSION = YES;
				CLANG_WARN_INT_CONVERSION = YES;
				CLANG_WARN_NON_LITERAL_NULL_CONVERSION = YES;
				CLANG_WARN_OBJC_IMPLICIT_RETAIN_SELF = YES;
				CLANG_WARN_OBJC_LITERAL_CONVERSION = YES;
				CLANG_WARN_OBJC_ROOT_CLASS = YES_ERROR;
				CLANG_WARN_RANGE_LOOP_ANALYSIS = YES;
				CLANG_WARN_STRICT_PROTOTYPES = YES;
				CLANG_WARN_SUSPICIOUS_MOVE = YES;
				CLANG_WARN_UNGUARDED_AVAILABILITY = YES_AGGRESSIVE;
				CLANG_WARN_UNREACHABLE_CODE = YES;
				CLANG_WARN__DUPLICATE_METHOD_MATCH = YES;
				CODE_SIGN_IDENTITY = "iPhone Developer";
				COPY_PHASE_STRIP = NO;
				DEBUG_INFORMATION_FORMAT = dwarf;
				ENABLE_STRICT_OBJC_MSGSEND = YES;
				ENABLE_TESTABILITY = YES;
				GCC_C_LANGUAGE_STANDARD = gnu11;
				GCC_DYNAMIC_NO_PIC = NO;
				GCC_NO_COMMON_BLOCKS = YES;
				GCC_OPTIMIZATION_LEVEL = 0;
				GCC_PREPROCESSOR_DEFINITIONS = (
					"DEBUG=1",
					"$(inherited)",
				);
				GCC_WARN_64_TO_32_BIT_CONVERSION = YES;
				GCC_WARN_ABOUT_RETURN_TYPE = YES_ERROR;
				GCC_WARN_UNDECLARED_SELECTOR = YES;
				GCC_WARN_UNINITIALIZED_AUTOS = YES_AGGRESSIVE;
				GCC_WARN_UNUSED_FUNCTION = YES;
				GCC_WARN_UNUSED_VARIABLE = YES;
				IPHONEOS_DEPLOYMENT_TARGET = 12.1;
				MTL_ENABLE_DEBUG_INFO = INCLUDE_SOURCE;
				MTL_FAST_MATH = YES;
				ONLY_ACTIVE_ARCH = YES;
				SDKROOT = iphoneos;
				SWIFT_ACTIVE_COMPILATION_CONDITIONS = DEBUG;
				SWIFT_OPTIMIZATION_LEVEL = "-Onone";
			};
			name = Debug;
		};
		66C5F1E52226EB7A004F1810 /* Release */ = {
			isa = XCBuildConfiguration;
			buildSettings = {
				ALWAYS_SEARCH_USER_PATHS = NO;
				CLANG_ANALYZER_NONNULL = YES;
				CLANG_ANALYZER_NUMBER_OBJECT_CONVERSION = YES_AGGRESSIVE;
				CLANG_CXX_LANGUAGE_STANDARD = "gnu++14";
				CLANG_CXX_LIBRARY = "libc++";
				CLANG_ENABLE_MODULES = YES;
				CLANG_ENABLE_OBJC_ARC = YES;
				CLANG_ENABLE_OBJC_WEAK = YES;
				CLANG_WARN_BLOCK_CAPTURE_AUTORELEASING = YES;
				CLANG_WARN_BOOL_CONVERSION = YES;
				CLANG_WARN_COMMA = YES;
				CLANG_WARN_CONSTANT_CONVERSION = YES;
				CLANG_WARN_DEPRECATED_OBJC_IMPLEMENTATIONS = YES;
				CLANG_WARN_DIRECT_OBJC_ISA_USAGE = YES_ERROR;
				CLANG_WARN_DOCUMENTATION_COMMENTS = YES;
				CLANG_WARN_EMPTY_BODY = YES;
				CLANG_WARN_ENUM_CONVERSION = YES;
				CLANG_WARN_INFINITE_RECURSION = YES;
				CLANG_WARN_INT_CONVERSION = YES;
				CLANG_WARN_NON_LITERAL_NULL_CONVERSION = YES;
				CLANG_WARN_OBJC_IMPLICIT_RETAIN_SELF = YES;
				CLANG_WARN_OBJC_LITERAL_CONVERSION = YES;
				CLANG_WARN_OBJC_ROOT_CLASS = YES_ERROR;
				CLANG_WARN_RANGE_LOOP_ANALYSIS = YES;
				CLANG_WARN_STRICT_PROTOTYPES = YES;
				CLANG_WARN_SUSPICIOUS_MOVE = YES;
				CLANG_WARN_UNGUARDED_AVAILABILITY = YES_AGGRESSIVE;
				CLANG_WARN_UNREACHABLE_CODE = YES;
				CLANG_WARN__DUPLICATE_METHOD_MATCH = YES;
				CODE_SIGN_IDENTITY = "iPhone Developer";
				COPY_PHASE_STRIP = NO;
				DEBUG_INFORMATION_FORMAT = "dwarf-with-dsym";
				ENABLE_NS_ASSERTIONS = NO;
				ENABLE_STRICT_OBJC_MSGSEND = YES;
				GCC_C_LANGUAGE_STANDARD = gnu11;
				GCC_NO_COMMON_BLOCKS = YES;
				GCC_WARN_64_TO_32_BIT_CONVERSION = YES;
				GCC_WARN_ABOUT_RETURN_TYPE = YES_ERROR;
				GCC_WARN_UNDECLARED_SELECTOR = YES;
				GCC_WARN_UNINITIALIZED_AUTOS = YES_AGGRESSIVE;
				GCC_WARN_UNUSED_FUNCTION = YES;
				GCC_WARN_UNUSED_VARIABLE = YES;
				IPHONEOS_DEPLOYMENT_TARGET = 12.1;
				MTL_ENABLE_DEBUG_INFO = NO;
				MTL_FAST_MATH = YES;
				SDKROOT = iphoneos;
				SWIFT_COMPILATION_MODE = wholemodule;
				SWIFT_OPTIMIZATION_LEVEL = "-O";
				VALIDATE_PRODUCT = YES;
			};
			name = Release;
		};
		66C5F1E72226EB7A004F1810 /* Debug */ = {
			isa = XCBuildConfiguration;
			buildSettings = {
				ASSETCATALOG_COMPILER_APPICON_NAME = AppIcon;
				CODE_SIGN_STYLE = Automatic;
				DEVELOPMENT_TEAM = R33FU4964X;
				INFOPLIST_FILE = AutoCatalog/Info.plist;
				LD_RUNPATH_SEARCH_PATHS = (
					"$(inherited)",
					"@executable_path/Frameworks",
				);
				PRODUCT_BUNDLE_IDENTIFIER = "Dyagilev-dev.AutoCatalog";
				PRODUCT_NAME = "$(TARGET_NAME)";
				SWIFT_VERSION = 4.2;
				TARGETED_DEVICE_FAMILY = "1,2";
			};
			name = Debug;
		};
		66C5F1E82226EB7A004F1810 /* Release */ = {
			isa = XCBuildConfiguration;
			buildSettings = {
				ASSETCATALOG_COMPILER_APPICON_NAME = AppIcon;
				CODE_SIGN_STYLE = Automatic;
				DEVELOPMENT_TEAM = R33FU4964X;
				INFOPLIST_FILE = AutoCatalog/Info.plist;
				LD_RUNPATH_SEARCH_PATHS = (
					"$(inherited)",
					"@executable_path/Frameworks",
				);
				PRODUCT_BUNDLE_IDENTIFIER = "Dyagilev-dev.AutoCatalog";
				PRODUCT_NAME = "$(TARGET_NAME)";
				SWIFT_VERSION = 4.2;
				TARGETED_DEVICE_FAMILY = "1,2";
			};
			name = Release;
		};
/* End XCBuildConfiguration section */

/* Begin XCConfigurationList section */
		66C5F1CF2226EB75004F1810 /* Build configuration list for PBXProject "AutoCatalog" */ = {
			isa = XCConfigurationList;
			buildConfigurations = (
				66C5F1E42226EB7A004F1810 /* Debug */,
				66C5F1E52226EB7A004F1810 /* Release */,
			);
			defaultConfigurationIsVisible = 0;
			defaultConfigurationName = Release;
		};
		66C5F1E62226EB7A004F1810 /* Build configuration list for PBXNativeTarget "AutoCatalog" */ = {
			isa = XCConfigurationList;
			buildConfigurations = (
				66C5F1E72226EB7A004F1810 /* Debug */,
				66C5F1E82226EB7A004F1810 /* Release */,
			);
			defaultConfigurationIsVisible = 0;
			defaultConfigurationName = Release;
		};
/* End XCConfigurationList section */
	};
	rootObject = 66C5F1CC2226EB75004F1810 /* Project object */;
}
